// !$*UTF8*$!
{
	archiveVersion = 1;
	classes = {
	};
	objectVersion = 77;
	objects = {

/* Begin PBXBuildFile section */
		A1B2C3D400000000000000F3 /* DeepSkyCore in Frameworks */ = {isa = PBXBuildFile; productRef = A1B2C3D400000000000000F1 /* DeepSkyCore */; };
		A1B2C3D400000000000000F4 /* DeepSkyAVCapture in Frameworks */ = {isa = PBXBuildFile; productRef = A1B2C3D400000000000000F2 /* DeepSkyAVCapture */; };
/* End PBXBuildFile section */

/* Begin PBXFileReference section */
		A1B2C3D400000000000000E3 /* DeepSky.app */ = {isa = PBXFileReference; explicitFileType = wrapper.application; includeInIndex = 0; path = DeepSky.app; sourceTree = BUILT_PRODUCTS_DIR; };
/* End PBXFileReference section */

/* Begin PBXFileSystemSynchronizedRootGroup section */
		A1B2C3D400000000000000E6 /* App */ = {
			isa = PBXFileSystemSynchronizedRootGroup;
			path = App;
			sourceTree = "<group>";
		};
/* End PBXFileSystemSynchronizedRootGroup section */

/* Begin PBXFrameworksBuildPhase section */
		A1B2C3D400000000000000E8 /* Frameworks */ = {
			isa = PBXFrameworksBuildPhase;
			buildActionMask = 2147483647;
			files = (
				A1B2C3D400000000000000F3 /* DeepSkyCore in Frameworks */,
				A1B2C3D400000000000000F4 /* DeepSkyAVCapture in Frameworks */,
			);
			runOnlyForDeploymentPostprocessing = 0;
		};
/* End PBXFrameworksBuildPhase section */

/* Begin PBXGroup section */
		A1B2C3D400000000000000E4 = {
			isa = PBXGroup;
			children = (
				A1B2C3D400000000000000E6 /* App */,
				A1B2C3D400000000000000E5 /* Products */,
			);
			sourceTree = "<group>";
		};
		A1B2C3D400000000000000E5 /* Products */ = {
			isa = PBXGroup;
			children = (
				A1B2C3D400000000000000E3 /* DeepSky.app */,
			);
			name = Products;
			sourceTree = "<group>";
		};
/* End PBXGroup section */

/* Begin PBXNativeTarget section */
		A1B2C3D400000000000000E2 /* DeepSky */ = {
			isa = PBXNativeTarget;
			buildConfigurationList = A1B2C3D400000000000000EB /* Build configuration list for PBXNativeTarget "DeepSky" */;
			buildPhases = (
				A1B2C3D400000000000000E7 /* Sources */,
				A1B2C3D400000000000000E8 /* Frameworks */,
				A1B2C3D400000000000000E9 /* Resources */,
			);
			buildRules = (
			);
			dependencies = (
			);
			fileSystemSynchronizedGroups = (
				A1B2C3D400000000000000E6 /* App */,
			);
			name = DeepSky;
			packageProductDependencies = (
				A1B2C3D400000000000000F1 /* DeepSkyCore */,
				A1B2C3D400000000000000F2 /* DeepSkyAVCapture */,
			);
			productName = DeepSky;
			productReference = A1B2C3D400000000000000E3 /* DeepSky.app */;
			productType = "com.apple.product-type.application";
		};
/* End PBXNativeTarget section */

/* Begin PBXProject section */
		A1B2C3D400000000000000E1 /* Project object */ = {
			isa = PBXProject;
			attributes = {
				BuildIndependentTargetsInParallel = 1;
				LastSwiftUpdateCheck = 2630;
				LastUpgradeCheck = 2630;
				TargetAttributes = {
					A1B2C3D400000000000000E2 = {
						CreatedOnToolsVersion = 26.3;
					};
				};
			};
			buildConfigurationList = A1B2C3D400000000000000EA /* Build configuration list for PBXProject "DeepSky" */;
			developmentRegion = en;
			hasScannedForEncodings = 0;
			knownRegions = (
				en,
				Base,
			);
			mainGroup = A1B2C3D400000000000000E4;
			minimizedProjectReferenceProxies = 1;
			packageReferences = (
				A1B2C3D400000000000000F0 /* XCLocalSwiftPackageReference "Packages/DeepSkyKit" */,
			);
			preferredProjectObjectVersion = 77;
			productRefGroup = A1B2C3D400000000000000E5 /* Products */;
			projectDirPath = "";
			projectRoot = "";
			targets = (
				A1B2C3D400000000000000E2 /* DeepSky */,
			);
		};
/* End PBXProject section */

/* Begin PBXResourcesBuildPhase section */
		A1B2C3D400000000000000E9 /* Resources */ = {
			isa = PBXResourcesBuildPhase;
			buildActionMask = 2147483647;
			files = (
			);
			runOnlyForDeploymentPostprocessing = 0;
		};
/* End PBXResourcesBuildPhase section */

/* Begin PBXSourcesBuildPhase section */
		A1B2C3D400000000000000E7 /* Sources */ = {
			isa = PBXSourcesBuildPhase;
			buildActionMask = 2147483647;
			files = (
			);
			runOnlyForDeploymentPostprocessing = 0;
		};
/* End PBXSourcesBuildPhase section */

/* Begin XCBuildConfiguration section */
		A1B2C3D400000000000000EC /* Debug */ = {
			isa = XCBuildConfiguration;
			buildSettings = {
				ALWAYS_SEARCH_USER_PATHS = NO;
				CLANG_ENABLE_MODULES = YES;
				CLANG_ENABLE_OBJC_ARC = YES;
				COPY_PHASE_STRIP = NO;
				DEBUG_INFORMATION_FORMAT = dwarf;
				ENABLE_STRICT_OBJC_MSGSEND = YES;
				ENABLE_TESTABILITY = YES;
				GCC_NO_COMMON_BLOCKS = YES;
				GCC_OPTIMIZATION_LEVEL = 0;
				IPHONEOS_DEPLOYMENT_TARGET = 26.0;
				MTL_ENABLE_DEBUG_INFO = INCLUDE_SOURCE;
				MTL_FAST_MATH = YES;
				ONLY_ACTIVE_ARCH = YES;
				SDKROOT = iphoneos;
				SWIFT_ACTIVE_COMPILATION_CONDITIONS = DEBUG;
				SWIFT_OPTIMIZATION_LEVEL = "-Onone";
				SWIFT_VERSION = 6.0;
			};
			name = Debug;
		};
		A1B2C3D400000000000000ED /* Release */ = {
			isa = XCBuildConfiguration;
			buildSettings = {
				ALWAYS_SEARCH_USER_PATHS = NO;
				CLANG_ENABLE_MODULES = YES;
				CLANG_ENABLE_OBJC_ARC = YES;
				COPY_PHASE_STRIP = NO;
				DEBUG_INFORMATION_FORMAT = "dwarf-with-dsym";
				ENABLE_NS_ASSERTIONS = NO;
				ENABLE_STRICT_OBJC_MSGSEND = YES;
				GCC_NO_COMMON_BLOCKS = YES;
				IPHONEOS_DEPLOYMENT_TARGET = 26.0;
				MTL_ENABLE_DEBUG_INFO = NO;
				MTL_FAST_MATH = YES;
				SDKROOT = iphoneos;
				SWIFT_COMPILATION_MODE = wholemodule;
				SWIFT_VERSION = 6.0;
				VALIDATE_PRODUCT = YES;
			};
			name = Release;
		};
		A1B2C3D400000000000000EE /* Debug */ = {
			isa = XCBuildConfiguration;
			buildSettings = {
				ASSETCATALOG_COMPILER_APPICON_NAME = AppIcon;
				ASSETCATALOG_COMPILER_GLOBAL_ACCENT_COLOR_NAME = "";
				CODE_SIGN_STYLE = Automatic;
				CURRENT_PROJECT_VERSION = 1;
				DEVELOPMENT_TEAM = 88B7ABS69Q;
				ENABLE_PREVIEWS = YES;
				GENERATE_INFOPLIST_FILE = YES;
				INFOPLIST_KEY_CFBundleDisplayName = DeepSky;
				INFOPLIST_KEY_LSSupportsOpeningDocumentsInPlace = YES;
				INFOPLIST_KEY_NSCameraUsageDescription = "DeepSky reads your cameras' exposure, ISO and RAW capabilities, and captures night-sky frames.";
				INFOPLIST_KEY_UIFileSharingEnabled = YES;
				INFOPLIST_KEY_UILaunchScreen_Generation = YES;
				INFOPLIST_KEY_UISupportedInterfaceOrientations = "UIInterfaceOrientationPortrait UIInterfaceOrientationLandscapeLeft UIInterfaceOrientationLandscapeRight";
				LD_RUNPATH_SEARCH_PATHS = (
					"$(inherited)",
					"@executable_path/Frameworks",
				);
				MARKETING_VERSION = 0.1;
				PRODUCT_BUNDLE_IDENTIFIER = com.rakeshkumar167.DeepSky;
				PRODUCT_NAME = "$(TARGET_NAME)";
				SWIFT_EMIT_LOC_STRINGS = YES;
				TARGETED_DEVICE_FAMILY = 1;
			};
			name = Debug;
		};
		A1B2C3D400000000000000EF /* Release */ = {
			isa = XCBuildConfiguration;
			buildSettings = {
				ASSETCATALOG_COMPILER_APPICON_NAME = AppIcon;
				ASSETCATALOG_COMPILER_GLOBAL_ACCENT_COLOR_NAME = "";
				CODE_SIGN_STYLE = Automatic;
				CURRENT_PROJECT_VERSION = 1;
				DEVELOPMENT_TEAM = 88B7ABS69Q;
				ENABLE_PREVIEWS = YES;
				GENERATE_INFOPLIST_FILE = YES;
				INFOPLIST_KEY_CFBundleDisplayName = DeepSky;
				INFOPLIST_KEY_LSSupportsOpeningDocumentsInPlace = YES;
				INFOPLIST_KEY_NSCameraUsageDescription = "DeepSky reads your cameras' exposure, ISO and RAW capabilities, and captures night-sky frames.";
				INFOPLIST_KEY_UIFileSharingEnabled = YES;
				INFOPLIST_KEY_UILaunchScreen_Generation = YES;
				INFOPLIST_KEY_UISupportedInterfaceOrientations = "UIInterfaceOrientationPortrait UIInterfaceOrientationLandscapeLeft UIInterfaceOrientationLandscapeRight";
				LD_RUNPATH_SEARCH_PATHS = (
					"$(inherited)",
					"@executable_path/Frameworks",
				);
				MARKETING_VERSION = 0.1;
				PRODUCT_BUNDLE_IDENTIFIER = com.rakeshkumar167.DeepSky;
				PRODUCT_NAME = "$(TARGET_NAME)";
				SWIFT_EMIT_LOC_STRINGS = YES;
				TARGETED_DEVICE_FAMILY = 1;
			};
			name = Release;
		};
/* End XCBuildConfiguration section */

/* Begin XCConfigurationList section */
		A1B2C3D400000000000000EA /* Build configuration list for PBXProject "DeepSky" */ = {
			isa = XCConfigurationList;
			buildConfigurations = (
				A1B2C3D400000000000000EC /* Debug */,
				A1B2C3D400000000000000ED /* Release */,
			);
			defaultConfigurationIsVisible = 0;
			defaultConfigurationName = Release;
		};
		A1B2C3D400000000000000EB /* Build configuration list for PBXNativeTarget "DeepSky" */ = {
			isa = XCConfigurationList;
			buildConfigurations = (
				A1B2C3D400000000000000EE /* Debug */,
				A1B2C3D400000000000000EF /* Release */,
			);
			defaultConfigurationIsVisible = 0;
			defaultConfigurationName = Release;
		};
/* End XCConfigurationList section */

/* Begin XCLocalSwiftPackageReference section */
		A1B2C3D400000000000000F0 /* XCLocalSwiftPackageReference "Packages/DeepSkyKit" */ = {
			isa = XCLocalSwiftPackageReference;
			relativePath = Packages/DeepSkyKit;
		};
/* End XCLocalSwiftPackageReference section */

/* Begin XCSwiftPackageProductDependency section */
		A1B2C3D400000000000000F1 /* DeepSkyCore */ = {
			isa = XCSwiftPackageProductDependency;
			productName = DeepSkyCore;
		};
		A1B2C3D400000000000000F2 /* DeepSkyAVCapture */ = {
			isa = XCSwiftPackageProductDependency;
			productName = DeepSkyAVCapture;
		};
/* End XCSwiftPackageProductDependency section */
	};
	rootObject = A1B2C3D400000000000000E1 /* Project object */;
}
